
Microsoft Visual Studio Solution File, Format Version 12.00
# Visual Studio Version 17
VisualStudioVersion = 17.1.32210.238
MinimumVisualStudioVersion = 10.0.40219.1
Project("{9A19103F-16F7-4668-BE54-9A1E7A4F7556}") = "GdbMi", "src\GdbMi\GdbMi.csproj", "{F9159DB2-9EF0-4BF8-B3D2-CCA15143F60F}"
EndProject
Project("{9A19103F-16F7-4668-BE54-9A1E7A4F7556}") = "GdbMi.Tests", "src\GdbMi.Tests\GdbMi.Tests.csproj", "{D11381F1-6FD7-49AB-84C0-C69763266041}"
	ProjectSection(ProjectDependencies) = postProject
		{F9159DB2-9EF0-4BF8-B3D2-CCA15143F60F} = {F9159DB2-9EF0-4BF8-B3D2-CCA15143F60F}
	EndProjectSection
EndProject
Project("{2150E333-8FDC-42A3-9474-1A3956D46DE8}") = "Solution Items", "Solution Items", "{CB292275-0E37-4B0F-A04E-EFB562B6F691}"
	ProjectSection(SolutionItems) = preProject
		.editorconfig = .editorconfig
	EndProjectSection
EndProject
Global
	GlobalSection(SolutionConfigurationPlatforms) = preSolution
		Debug|Any CPU = Debug|Any CPU
		Release|Any CPU = Release|Any CPU
	EndGlobalSection
	GlobalSection(ProjectConfigurationPlatforms) = postSolution
		{F9159DB2-9EF0-4BF8-B3D2-CCA15143F60F}.Debug|Any CPU.ActiveCfg = Debug|Any CPU
		{F9159DB2-9EF0-4BF8-B3D2-CCA15143F60F}.Debug|Any CPU.Build.0 = Debug|Any CPU
		{F9159DB2-9EF0-4BF8-B3D2-CCA15143F60F}.Release|Any CPU.ActiveCfg = Release|Any CPU
		{F9159DB2-9EF0-4BF8-B3D2-CCA15143F60F}.Release|Any CPU.Build.0 = Release|Any CPU
		{D11381F1-6FD7-49AB-84C0-C69763266041}.Debug|Any CPU.ActiveCfg = Debug|Any CPU
		{D11381F1-6FD7-49AB-84C0-C69763266041}.Debug|Any CPU.Build.0 = Debug|Any CPU
		{D11381F1-6FD7-49AB-84C0-C69763266041}.Release|Any CPU.ActiveCfg = Release|Any CPU
		{D11381F1-6FD7-49AB-84C0-C69763266041}.Release|Any CPU.Build.0 = Release|Any CPU
	EndGlobalSection
	GlobalSection(SolutionProperties) = preSolution
		HideSolutionNode = FALSE
	EndGlobalSection
	GlobalSection(ExtensibilityGlobals) = postSolution
		SolutionGuid = {580B6B3A-642F-404E-8AA2-BF76EA1E1B78}
	EndGlobalSection
EndGlobal
